
Microsoft Visual Studio Solution File, Format Version 12.00
# Visual Studio Version 17
VisualStudioVersion = 17.10.35027.167
MinimumVisualStudioVersion = 10.0.40219.1
Project("{FAE04EC0-301F-11D3-BF4B-00C04F79EFBC}") = "DPM225493_NguyenThienTri_Pattern02_Builder", "DPM225493_NguyenThienTri_Pattern02_Builder.csproj", "{2C8EDFDB-BEEC-46E0-A0FC-3F54D1B824A1}"
EndProject
Global
	GlobalSection(SolutionConfigurationPlatforms) = preSolution
		Debug|Any CPU = Debug|Any CPU
		Release|Any CPU = Release|Any CPU
	EndGlobalSection
	GlobalSection(ProjectConfigurationPlatforms) = postSolution
		{2C8EDFDB-BEEC-46E0-A0FC-3F54D1B824A1}.Debug|Any CPU.ActiveCfg = Debug|Any CPU
		{2C8EDFDB-BEEC-46E0-A0FC-3F54D1B824A1}.Debug|Any CPU.Build.0 = Debug|Any CPU
		{2C8EDFDB-BEEC-46E0-A0FC-3F54D1B824A1}.Release|Any CPU.ActiveCfg = Release|Any CPU
		{2C8EDFDB-BEEC-46E0-A0FC-3F54D1B824A1}.Release|Any CPU.Build.0 = Release|Any CPU
	EndGlobalSection
	GlobalSection(SolutionProperties) = preSolution
		HideSolutionNode = FALSE
	EndGlobalSection
	GlobalSection(ExtensibilityGlobals) = postSolution
		SolutionGuid = {81B422EC-28C4-48E1-9561-D6F127D6ED6C}
	EndGlobalSection
EndGlobal
