
Microsoft Visual Studio Solution File, Format Version 12.00
# Visual Studio Version 17
VisualStudioVersion = 17.11.35327.3
MinimumVisualStudioVersion = 10.0.40219.1
Project("{FAE04EC0-301F-11D3-BF4B-00C04F79EFBC}") = "DPM225493_NguyenThienTri_Pattern06_AdapterReal", "DPM225493_NguyenThienTri_Pattern06_AdapterReal.csproj", "{AE60A22B-9BC3-4128-97F6-5CBDDAB981F7}"
EndProject
Global
	GlobalSection(SolutionConfigurationPlatforms) = preSolution
		Debug|Any CPU = Debug|Any CPU
		Release|Any CPU = Release|Any CPU
	EndGlobalSection
	GlobalSection(ProjectConfigurationPlatforms) = postSolution
		{AE60A22B-9BC3-4128-97F6-5CBDDAB981F7}.Debug|Any CPU.ActiveCfg = Debug|Any CPU
		{AE60A22B-9BC3-4128-97F6-5CBDDAB981F7}.Debug|Any CPU.Build.0 = Debug|Any CPU
		{AE60A22B-9BC3-4128-97F6-5CBDDAB981F7}.Release|Any CPU.ActiveCfg = Release|Any CPU
		{AE60A22B-9BC3-4128-97F6-5CBDDAB981F7}.Release|Any CPU.Build.0 = Release|Any CPU
	EndGlobalSection
	GlobalSection(SolutionProperties) = preSolution
		HideSolutionNode = FALSE
	EndGlobalSection
	GlobalSection(ExtensibilityGlobals) = postSolution
		SolutionGuid = {4402E66C-76F3-4019-8802-014588BF97FD}
	EndGlobalSection
EndGlobal
