
Microsoft Visual Studio Solution File, Format Version 12.00
# Visual Studio Version 17
VisualStudioVersion = 17.11.35327.3
MinimumVisualStudioVersion = 10.0.40219.1
Project("{FAE04EC0-301F-11D3-BF4B-00C04F79EFBC}") = "DPM225493_NguyenThienTri_Pattern07_BridgeReal", "DPM225493_NguyenThienTri_Pattern07_BridgeReal.csproj", "{D310D336-316C-4874-889B-61E253172DB2}"
EndProject
Global
	GlobalSection(SolutionConfigurationPlatforms) = preSolution
		Debug|Any CPU = Debug|Any CPU
		Release|Any CPU = Release|Any CPU
	EndGlobalSection
	GlobalSection(ProjectConfigurationPlatforms) = postSolution
		{D310D336-316C-4874-889B-61E253172DB2}.Debug|Any CPU.ActiveCfg = Debug|Any CPU
		{D310D336-316C-4874-889B-61E253172DB2}.Debug|Any CPU.Build.0 = Debug|Any CPU
		{D310D336-316C-4874-889B-61E253172DB2}.Release|Any CPU.ActiveCfg = Release|Any CPU
		{D310D336-316C-4874-889B-61E253172DB2}.Release|Any CPU.Build.0 = Release|Any CPU
	EndGlobalSection
	GlobalSection(SolutionProperties) = preSolution
		HideSolutionNode = FALSE
	EndGlobalSection
	GlobalSection(ExtensibilityGlobals) = postSolution
		SolutionGuid = {41919CE9-9284-428D-8359-6C14AF955497}
	EndGlobalSection
EndGlobal
